# -------------------------------------------------------------------------- #
#
# Copyright (C) 2022  Intel Corporation. All rights reserved.
# Your use of Intel Corporation's design tools, logic functions 
# and other software and tools, and any partner logic 
# functions, and any output files from any of the foregoing 
# (including device programming or simulation files), and any 
# associated documentation or information are expressly subject 
# to the terms and conditions of the Intel Program License 
# Subscription Agreement, the Intel Quartus Prime License Agreement,
# the Intel FPGA IP License Agreement, or other applicable license
# agreement, including, without limitation, that your use is for
# the sole purpose of programming logic devices manufactured by
# Intel and sold by Intel or its authorized distributors.  Please
# refer to the applicable agreement for further details, at
# https://fpgasoftware.intel.com/eula.
#
# -------------------------------------------------------------------------- #
#
# Quartus Prime
# Version 21.1.1 Build 850 06/23/2022 SJ Standard Edition
# Date created = 10:42:45  February 05, 2024
#
# -------------------------------------------------------------------------- #
#
# Notes:
#
# 1) The default values for assignments are stored in the file:
#		NEStoplevelTB_assignment_defaults.qdf
#    If this file doesn't exist, see file:
#		assignment_defaults.qdf
#
# 2) Intel recommends that you do not modify this file. This
#    file is updated automatically by the Quartus Prime software
#    and any changes you make may be lost or overwritten.
#
# -------------------------------------------------------------------------- #


set_global_assignment -name FAMILY "cyclone v"
set_global_assignment -name DEVICE 5cgxfc5c6f27c7
set_global_assignment -name ORIGINAL_QUARTUS_VERSION 21.1.1
set_global_assignment -name PROJECT_CREATION_TIME_DATE "10:42:45  FEBRUARY 05, 2024"
set_global_assignment -name LAST_QUARTUS_VERSION "21.1.1 Standard Edition"
set_global_assignment -name FMAX_REQUIREMENT "50 MHz"
set_global_assignment -name TOP_LEVEL_ENTITY NEStoplevelTB
set_global_assignment -name VHDL_FILE /u/home/clab/redacted/eds/NESSoundEmu/NESSoundEmu_lib/hdl/nestopleveltb_entity.vhd
set_global_assignment -name VHDL_FILE /u/home/clab/redacted/eds/NESSoundEmu/NESSoundEmu_lib/hdl/nesplayertoplevel_entity.vhd
set_global_assignment -name VHDL_FILE /u/home/clab/redacted/eds/NESSoundEmu/NESSoundEmu_lib/hdl/booleanvectors_pkg.vhd
set_global_assignment -name VHDL_FILE /u/home/clab/redacted/eds/NESSoundEmu/NESSoundEmu_lib/hdl/booleanvectors_pkg_body.vhd
set_global_assignment -name VHDL_FILE /u/home/clab/redacted/eds/NESSoundEmu/NESSoundEmu_lib/hdl/toplevelcontrol_entity.vhd
set_global_assignment -name VHDL_FILE /u/home/clab/redacted/eds/NESSoundEmu/NESSoundEmu_lib/hdl/toplevelcontrol_behav.vhd
set_global_assignment -name VHDL_FILE /u/home/clab/redacted/eds/NESSoundEmu/NESSoundEmu_lib/hdl/i2c_master.vhd
set_global_assignment -name VHDL_FILE /u/home/clab/redacted/eds/NESSoundEmu/NESSoundEmu_lib/hdl/i2s_transceiver_logic.vhd
set_global_assignment -name VHDL_FILE /u/home/clab/redacted/eds/NESSoundEmu/NESSoundEmu_lib/hdl/ssm2603regwriter_entity.vhd
set_global_assignment -name VHDL_FILE /u/home/clab/redacted/eds/NESSoundEmu/NESSoundEmu_lib/hdl/SSM2603regwriter_behav.vhd
set_global_assignment -name VERILOG_FILE /u/home/clab/redacted/eds/NESSoundEmu/NESSoundEmu_lib/hdl/pll5012new/pll5012new_0002.v
set_global_assignment -name VHDL_FILE /u/home/clab/redacted/eds/NESSoundEmu/NESSoundEmu_lib/hdl/pll5012new.vhd
set_global_assignment -name VHDL_FILE /u/home/clab/redacted/eds/NESSoundEmu/NESSoundEmu_lib/hdl/codecsetup_entity.vhd
set_global_assignment -name VHDL_FILE /u/home/clab/redacted/eds/NESSoundEmu/NESSoundEmu_lib/hdl/codecsetup1_behav.vhd
set_global_assignment -name VHDL_FILE /u/home/clab/redacted/eds/NESSoundEmu/NESSoundEmu_lib/hdl/completenes_entity.vhd
set_global_assignment -name VHDL_FILE /u/home/clab/redacted/eds/NESSoundEmu/NESSoundEmu_lib/hdl/memarbitermx65interface_entity.vhd
set_global_assignment -name VHDL_FILE /u/home/clab/redacted/eds/NESSoundEmu/NESSoundEmu_lib/hdl/memarbitermx65interface_behav.vhd
set_global_assignment -name VHDL_FILE /u/home/clab/redacted/eds/NESSoundEmu/NESSoundEmu_lib/hdl/mx65withtick_behav.vhd
set_global_assignment -name VHDL_FILE /u/home/clab/redacted/eds/NESSoundEmu/NESSoundEmu_lib/hdl/apu_entity.vhd
set_global_assignment -name VHDL_FILE /u/home/clab/redacted/eds/NESSoundEmu/NESSoundEmu_lib/hdl/apumixer_entity.vhd
set_global_assignment -name VHDL_FILE /u/home/clab/redacted/eds/NESSoundEmu/NESSoundEmu_lib/hdl/apumixer_behav.vhd
set_global_assignment -name VHDL_FILE /u/home/clab/redacted/eds/NESSoundEmu/NESSoundEmu_lib/hdl/noisechannel_entity.vhd
set_global_assignment -name VHDL_FILE /u/home/clab/redacted/eds/NESSoundEmu/NESSoundEmu_lib/hdl/noiselfsr1_entity.vhd
set_global_assignment -name VHDL_FILE /u/home/clab/redacted/eds/NESSoundEmu/NESSoundEmu_lib/hdl/NoiseLFSR1_behav.vhd
set_global_assignment -name VHDL_FILE /u/home/clab/redacted/eds/NESSoundEmu/NESSoundEmu_lib/hdl/noisetimer_entity.vhd
set_global_assignment -name VHDL_FILE /u/home/clab/redacted/eds/NESSoundEmu/NESSoundEmu_lib/hdl/noisetimer_behav.vhd
set_global_assignment -name VHDL_FILE /u/home/clab/redacted/eds/NESSoundEmu/NESSoundEmu_lib/hdl/noisewriteport_entity.vhd
set_global_assignment -name VHDL_FILE /u/home/clab/redacted/eds/NESSoundEmu/NESSoundEmu_lib/hdl/noisewriteport_behav.vhd
set_global_assignment -name VHDL_FILE /u/home/clab/redacted/eds/NESSoundEmu/NESSoundEmu_lib/hdl/pulseenv_entity.vhd
set_global_assignment -name VHDL_FILE /u/home/clab/redacted/eds/NESSoundEmu/NESSoundEmu_lib/hdl/pulseenv_behav.vhd
set_global_assignment -name VHDL_FILE /u/home/clab/redacted/eds/NESSoundEmu/NESSoundEmu_lib/hdl/premixer_entity.vhd
set_global_assignment -name VHDL_FILE /u/home/clab/redacted/eds/NESSoundEmu/NESSoundEmu_lib/hdl/premixer_behav.vhd
set_global_assignment -name VHDL_FILE /u/home/clab/redacted/eds/NESSoundEmu/NESSoundEmu_lib/hdl/pulselentghunit_entity.vhd
set_global_assignment -name VHDL_FILE /u/home/clab/redacted/eds/NESSoundEmu/NESSoundEmu_lib/hdl/pulselentghunit_behav.vhd
set_global_assignment -name VHDL_FILE /u/home/clab/redacted/eds/NESSoundEmu/NESSoundEmu_lib/hdl/noisechannel_struct.vhd
set_global_assignment -name VHDL_FILE /u/home/clab/redacted/eds/NESSoundEmu/NESSoundEmu_lib/hdl/pulsechannel_entity.vhd
set_global_assignment -name VHDL_FILE /u/home/clab/redacted/eds/NESSoundEmu/NESSoundEmu_lib/hdl/psweep_entity.vhd
set_global_assignment -name VHDL_FILE /u/home/clab/redacted/eds/NESSoundEmu/NESSoundEmu_lib/hdl/psweep_behav.vhd
set_global_assignment -name VHDL_FILE /u/home/clab/redacted/eds/NESSoundEmu/NESSoundEmu_lib/hdl/pulsewriteport2_entity.vhd
set_global_assignment -name VHDL_FILE /u/home/clab/redacted/eds/NESSoundEmu/NESSoundEmu_lib/hdl/pulsewriteport2_behav.vhd
set_global_assignment -name VHDL_FILE /u/home/clab/redacted/eds/NESSoundEmu/NESSoundEmu_lib/hdl/pulsedividersequence_entity.vhd
set_global_assignment -name VHDL_FILE /u/home/clab/redacted/eds/NESSoundEmu/NESSoundEmu_lib/hdl/pulsedividersequence_behav.vhd
set_global_assignment -name VHDL_FILE /u/home/clab/redacted/eds/NESSoundEmu/NESSoundEmu_lib/hdl/pulsechannel_struct.vhd
set_global_assignment -name VHDL_FILE /u/home/clab/redacted/eds/NESSoundEmu/NESSoundEmu_lib/hdl/statusandaddrdec_entity.vhd
set_global_assignment -name VHDL_FILE /u/home/clab/redacted/eds/NESSoundEmu/NESSoundEmu_lib/hdl/statusandaddrdec_behav.vhd
set_global_assignment -name VHDL_FILE /u/home/clab/redacted/eds/NESSoundEmu/NESSoundEmu_lib/hdl/trianglechannel_entity.vhd
set_global_assignment -name VHDL_FILE /u/home/clab/redacted/eds/NESSoundEmu/NESSoundEmu_lib/hdl/trianglelengthunit_entity.vhd
set_global_assignment -name VHDL_FILE /u/home/clab/redacted/eds/NESSoundEmu/NESSoundEmu_lib/hdl/trianglelengthunit_behav.vhd
set_global_assignment -name VHDL_FILE /u/home/clab/redacted/eds/NESSoundEmu/NESSoundEmu_lib/hdl/timer1_entity.vhd
set_global_assignment -name VHDL_FILE /u/home/clab/redacted/eds/NESSoundEmu/NESSoundEmu_lib/hdl/timer1_behav.vhd
set_global_assignment -name VHDL_FILE /u/home/clab/redacted/eds/NESSoundEmu/NESSoundEmu_lib/hdl/trianglewriteport_entity.vhd
set_global_assignment -name VHDL_FILE /u/home/clab/redacted/eds/NESSoundEmu/NESSoundEmu_lib/hdl/trianglewriteport_behav.vhd
set_global_assignment -name VHDL_FILE /u/home/clab/redacted/eds/NESSoundEmu/NESSoundEmu_lib/hdl/trianglelinearctr_entity.vhd
set_global_assignment -name VHDL_FILE /u/home/clab/redacted/eds/NESSoundEmu/NESSoundEmu_lib/hdl/trianglelinearctr_behav.vhd
set_global_assignment -name VHDL_FILE /u/home/clab/redacted/eds/NESSoundEmu/NESSoundEmu_lib/hdl/triangleseq_entity.vhd
set_global_assignment -name VHDL_FILE /u/home/clab/redacted/eds/NESSoundEmu/NESSoundEmu_lib/hdl/triangleseq_behav.vhd
set_global_assignment -name VHDL_FILE /u/home/clab/redacted/eds/NESSoundEmu/NESSoundEmu_lib/hdl/trianglechannel_struct.vhd
set_global_assignment -name VHDL_FILE /u/home/clab/redacted/eds/NESSoundEmu/NESSoundEmu_lib/hdl/dmcchannnel_entity.vhd
set_global_assignment -name VHDL_FILE /u/home/clab/redacted/eds/NESSoundEmu/NESSoundEmu_lib/hdl/dmcmemoryreader_entity.vhd
set_global_assignment -name VHDL_FILE /u/home/clab/redacted/eds/NESSoundEmu/NESSoundEmu_lib/hdl/dmcmemoryReader_behav.vhd
set_global_assignment -name VHDL_FILE /u/home/clab/redacted/eds/NESSoundEmu/NESSoundEmu_lib/hdl/dmcoutputlevel_entity.vhd
set_global_assignment -name VHDL_FILE /u/home/clab/redacted/eds/NESSoundEmu/NESSoundEmu_lib/hdl/dmcoutputlevel1_behav.vhd
set_global_assignment -name VHDL_FILE /u/home/clab/redacted/eds/NESSoundEmu/NESSoundEmu_lib/hdl/dmcsampleshifter_entity.vhd
set_global_assignment -name VHDL_FILE /u/home/clab/redacted/eds/NESSoundEmu/NESSoundEmu_lib/hdl/dmcsampleshifter_behav.vhd
set_global_assignment -name VHDL_FILE /u/home/clab/redacted/eds/NESSoundEmu/NESSoundEmu_lib/hdl/dmctimer_entity.vhd
set_global_assignment -name VHDL_FILE /u/home/clab/redacted/eds/NESSoundEmu/NESSoundEmu_lib/hdl/dmctimer_behav.vhd
set_global_assignment -name VHDL_FILE /u/home/clab/redacted/eds/NESSoundEmu/NESSoundEmu_lib/hdl/dmcwriteport_entity.vhd
set_global_assignment -name VHDL_FILE /u/home/clab/redacted/eds/NESSoundEmu/NESSoundEmu_lib/hdl/dmcwriteport1_behav.vhd
set_global_assignment -name VHDL_FILE /u/home/clab/redacted/eds/NESSoundEmu/NESSoundEmu_lib/hdl/dmcchannnel_struct.vhd
set_global_assignment -name VHDL_FILE /u/home/clab/redacted/eds/NESSoundEmu/NESSoundEmu_lib/hdl/framecounter_entity.vhd
set_global_assignment -name VHDL_FILE /u/home/clab/redacted/eds/NESSoundEmu/NESSoundEmu_lib/hdl/framecounter_behav.vhd
set_global_assignment -name VHDL_FILE /u/home/clab/redacted/eds/NESSoundEmu/NESSoundEmu_lib/hdl/apu_struct.vhd
set_global_assignment -name VHDL_FILE /u/home/clab/redacted/eds/NESSoundEmu/NESSoundEmu_lib/hdl/memorieswrapper_entity.vhd
set_global_assignment -name VHDL_FILE /u/home/clab/redacted/eds/NESSoundEmu/NESSoundEmu_lib/hdl/quartusNESbootROM.vhd
set_global_assignment -name VHDL_FILE /u/home/clab/redacted/eds/NESSoundEmu/NESSoundEmu_lib/hdl/quartuscompatibleram_behav.vhd
set_global_assignment -name VHDL_FILE /u/home/clab/redacted/eds/NESSoundEmu/NESSoundEmu_lib/hdl/songramwrapper_entity.vhd
set_global_assignment -name VHDL_FILE /u/home/clab/redacted/eds/NESSoundEmu/NESSoundEmu_lib/hdl/quartusNESsongRAM.vhd
set_global_assignment -name VHDL_FILE /u/home/clab/redacted/eds/NESSoundEmu/NESSoundEmu_lib/hdl/bytemux1_entity.vhd
set_global_assignment -name VHDL_FILE /u/home/clab/redacted/eds/NESSoundEmu/NESSoundEmu_lib/hdl/bytemux1_behav.vhd
set_global_assignment -name VHDL_FILE /u/home/clab/redacted/eds/NESSoundEmu/NESSoundEmu_lib/hdl/songramwrapper_struct.vhd
set_global_assignment -name VHDL_FILE /u/home/clab/redacted/eds/NESSoundEmu/NESSoundEmu_lib/hdl/addrdecodereadmem_entity.vhd
set_global_assignment -name VHDL_FILE /u/home/clab/redacted/eds/NESSoundEmu/NESSoundEmu_lib/hdl/addrdecoderead1_behav.vhd
set_global_assignment -name VHDL_FILE /u/home/clab/redacted/eds/NESSoundEmu/NESSoundEmu_lib/hdl/bankswitcher_entity.vhd
set_global_assignment -name VHDL_FILE /u/home/clab/redacted/eds/NESSoundEmu/NESSoundEmu_lib/hdl/bankswitcher_behav.vhd
set_global_assignment -name VHDL_FILE /u/home/clab/redacted/eds/NESSoundEmu/NESSoundEmu_lib/hdl/initialisableram_entity.vhd
set_global_assignment -name VHDL_FILE /u/home/clab/redacted/eds/NESSoundEmu/NESSoundEmu_lib/hdl/initialisableRAM_behav.vhd
set_global_assignment -name VHDL_FILE /u/home/clab/redacted/eds/NESSoundEmu/NESSoundEmu_lib/hdl/memorieswrapper_struct.vhd
set_global_assignment -name VHDL_FILE /u/home/clab/redacted/eds/NESSoundEmu/NESSoundEmu_lib/hdl/controlport_entity.vhd
set_global_assignment -name VHDL_FILE /u/home/clab/redacted/eds/NESSoundEmu/NESSoundEmu_lib/hdl/controlPort_behav.vhd
set_global_assignment -name VHDL_FILE /u/home/clab/redacted/eds/NESSoundEmu/NESSoundEmu_lib/hdl/twoportarbiter_entity.vhd
set_global_assignment -name VHDL_FILE /u/home/clab/redacted/eds/NESSoundEmu/NESSoundEmu_lib/hdl/twoportarbiter_behav.vhd
set_global_assignment -name VHDL_FILE /u/home/clab/redacted/eds/NESSoundEmu/NESSoundEmu_lib/hdl/addrdecodereaddev_entity.vhd
set_global_assignment -name VHDL_FILE /u/home/clab/redacted/eds/NESSoundEmu/NESSoundEmu_lib/hdl/addrdecoderead_behav.vhd
set_global_assignment -name VHDL_FILE /u/home/clab/redacted/eds/NESSoundEmu/NESSoundEmu_lib/hdl/taktteilerboolean_entity.vhd
set_global_assignment -name VHDL_FILE /u/home/clab/redacted/eds/NESSoundEmu/NESSoundEmu_lib/hdl/taktteilerboolean_behav.vhd
set_global_assignment -name VHDL_FILE /u/home/clab/redacted/eds/NESSoundEmu/NESSoundEmu_lib/hdl/addrdecodewrite_entity.vhd
set_global_assignment -name VHDL_FILE /u/home/clab/redacted/eds/NESSoundEmu/NESSoundEmu_lib/hdl/addrdecodewrite_behav.vhd
set_global_assignment -name VHDL_FILE /u/home/clab/redacted/eds/NESSoundEmu/NESSoundEmu_lib/hdl/completenes_struct.vhd
set_global_assignment -name VHDL_FILE /u/home/clab/redacted/eds/NESSoundEmu/NESSoundEmu_lib/hdl/nesplayertoplevel_struct.vhd
set_global_assignment -name VHDL_FILE /u/home/clab/redacted/eds/NESSoundEmu/NESSoundEmu_lib/hdl/clk_res_gen_entity.vhd
set_global_assignment -name VHDL_FILE /u/home/clab/redacted/eds/NESSoundEmu/NESSoundEmu_lib/hdl/clk_res_gen_behav.vhd
set_global_assignment -name VHDL_FILE /u/home/clab/redacted/eds/NESSoundEmu/NESSoundEmu_lib/hdl/nestopleveltb_struct.vhd
#Constraints added from external file
set_location_assignment PIN_N20 -to clk
set_location_assignment PIN_AB24 -to res_n
set_location_assignment PIN_E6 -to SSM2603_bclk
set_location_assignment PIN_D6 -to SSM2603_cclk
set_location_assignment PIN_H10 -to SSM2603_pbdat
set_location_assignment PIN_G10 -to SSM2603_pblrc
set_location_assignment PIN_B7 -to SSM2603_scl
set_location_assignment PIN_G11 -to SSM2603_sda
set_location_assignment PIN_F7 -to ack_error
#End of constraints added from external file

